
Microsoft Visual Studio Solution File, Format Version 12.00
# Visual Studio Version 17
VisualStudioVersion = 17.5.002.0
MinimumVisualStudioVersion = 10.0.40219.1
Project("{2150E333-8FDC-42A3-9474-1A3956D46DE8}") = "csharp-prep", "csharp-prep", "{72E57001-666D-492D-9EC7-450E162B91FF}"
EndProject
Project("{9A19103F-16F7-4668-BE54-9A1E7A4F7556}") = "Prep1", "csharp-prep\Prep1\Prep1.csproj", "{1AC91F55-50EA-4E1F-BF79-432C547AB8E8}"
EndProject
Project("{9A19103F-16F7-4668-BE54-9A1E7A4F7556}") = "Prep2", "csharp-prep\Prep2\Prep2.csproj", "{0DF4579D-63D1-4A18-8DC4-4ED3E2FF3FDD}"
EndProject
Project("{9A19103F-16F7-4668-BE54-9A1E7A4F7556}") = "Prep3", "csharp-prep\Prep3\Prep3.csproj", "{FF7D1CF1-6A40-487C-9E13-B75891DA1794}"
EndProject
Project("{9A19103F-16F7-4668-BE54-9A1E7A4F7556}") = "Prep4", "csharp-prep\Prep4\Prep4.csproj", "{EFEC8499-1566-4E91-B98B-E08445EDA398}"
EndProject
Project("{9A19103F-16F7-4668-BE54-9A1E7A4F7556}") = "Prep5", "csharp-prep\Prep5\Prep5.csproj", "{5334B05C-F84B-457B-BED5-5C625D9FD19A}"
EndProject
Project("{2150E333-8FDC-42A3-9474-1A3956D46DE8}") = "final", "final", "{13D25254-B50D-49E9-83B8-F1742D6F6320}"
EndProject
Project("{9A19103F-16F7-4668-BE54-9A1E7A4F7556}") = "FinalProject", "final\FinalProject\FinalProject.csproj", "{9C07B9AB-A803-4E75-83CE-1C7F260264ED}"
EndProject
Project("{9A19103F-16F7-4668-BE54-9A1E7A4F7556}") = "Foundation1", "final\Foundation1\Foundation1.csproj", "{0C981E1D-73D2-46C0-8D09-C4F7748F6942}"
EndProject
Project("{9A19103F-16F7-4668-BE54-9A1E7A4F7556}") = "Foundation2", "final\Foundation2\Foundation2.csproj", "{931621B3-F53B-4D1F-B7F2-A3AC6BEBB480}"
EndProject
Project("{9A19103F-16F7-4668-BE54-9A1E7A4F7556}") = "Foundation3", "final\Foundation3\Foundation3.csproj", "{C6D6DA28-498A-48C5-95D8-EB58EC2ED2F3}"
EndProject
Project("{9A19103F-16F7-4668-BE54-9A1E7A4F7556}") = "Foundation4", "final\Foundation4\Foundation4.csproj", "{A75CC4F6-FA5A-40AC-A08C-4527573250AF}"
EndProject
Project("{2150E333-8FDC-42A3-9474-1A3956D46DE8}") = "prepare", "prepare", "{53FBD326-5C1A-46A3-8B1A-BEAFD7CE2573}"
EndProject
Project("{9A19103F-16F7-4668-BE54-9A1E7A4F7556}") = "Learning02", "prepare\Learning02\Learning02.csproj", "{75FA9C37-7929-466A-A5B9-D607AFA71B4D}"
EndProject
Project("{9A19103F-16F7-4668-BE54-9A1E7A4F7556}") = "Learning03", "prepare\Learning03\Learning03.csproj", "{9CF0E7B9-D616-4E1B-9C80-7ECD65D5A87A}"
EndProject
Project("{9A19103F-16F7-4668-BE54-9A1E7A4F7556}") = "Learning04", "prepare\Learning04\Learning04.csproj", "{6CACAA4C-233C-4DF3-B776-5C6186BA36FB}"
EndProject
Project("{9A19103F-16F7-4668-BE54-9A1E7A4F7556}") = "Learning05", "prepare\Learning05\Learning05.csproj", "{798542AF-82EF-4B49-A85F-6EBDD113B7FD}"
EndProject
Project("{2150E333-8FDC-42A3-9474-1A3956D46DE8}") = "prove", "prove", "{93F9E735-07A0-4279-9FBC-16AA35BB6A71}"
EndProject
Project("{9A19103F-16F7-4668-BE54-9A1E7A4F7556}") = "Develop02", "prove\Develop02\Develop02.csproj", "{D12E07DC-BEBB-4546-9434-C84A750C89C0}"
EndProject
Project("{9A19103F-16F7-4668-BE54-9A1E7A4F7556}") = "Develop03", "prove\Develop03\Develop03.csproj", "{7261B7D3-AD93-42E2-B553-E8323EB7473F}"
EndProject
Project("{9A19103F-16F7-4668-BE54-9A1E7A4F7556}") = "Develop04", "prove\Develop04\Develop04.csproj", "{558E61D3-8834-449D-BB1A-A7AB8816E09B}"
EndProject
Project("{9A19103F-16F7-4668-BE54-9A1E7A4F7556}") = "Develop05", "prove\Develop05\Develop05.csproj", "{4CD5842E-7206-4492-BB43-BC8CD5F3519C}"
EndProject
Project("{2150E333-8FDC-42A3-9474-1A3956D46DE8}") = "sandbox", "sandbox", "{4FC84690-F756-4722-9BF7-851DF5FFAC94}"
EndProject
Project("{9A19103F-16F7-4668-BE54-9A1E7A4F7556}") = "Sandbox", "sandbox\Sandbox\Sandbox.csproj", "{1C4AE0D1-5B7C-4AB9-B24C-D3028F165019}"
EndProject
Global
	GlobalSection(SolutionConfigurationPlatforms) = preSolution
		Debug|Any CPU = Debug|Any CPU
		Release|Any CPU = Release|Any CPU
	EndGlobalSection
	GlobalSection(ProjectConfigurationPlatforms) = postSolution
		{1AC91F55-50EA-4E1F-BF79-432C547AB8E8}.Debug|Any CPU.ActiveCfg = Debug|Any CPU
		{1AC91F55-50EA-4E1F-BF79-432C547AB8E8}.Debug|Any CPU.Build.0 = Debug|Any CPU
		{1AC91F55-50EA-4E1F-BF79-432C547AB8E8}.Release|Any CPU.ActiveCfg = Release|Any CPU
		{1AC91F55-50EA-4E1F-BF79-432C547AB8E8}.Release|Any CPU.Build.0 = Release|Any CPU
		{0DF4579D-63D1-4A18-8DC4-4ED3E2FF3FDD}.Debug|Any CPU.ActiveCfg = Debug|Any CPU
		{0DF4579D-63D1-4A18-8DC4-4ED3E2FF3FDD}.Debug|Any CPU.Build.0 = Debug|Any CPU
		{0DF4579D-63D1-4A18-8DC4-4ED3E2FF3FDD}.Release|Any CPU.ActiveCfg = Release|Any CPU
		{0DF4579D-63D1-4A18-8DC4-4ED3E2FF3FDD}.Release|Any CPU.Build.0 = Release|Any CPU
		{FF7D1CF1-6A40-487C-9E13-B75891DA1794}.Debug|Any CPU.ActiveCfg = Debug|Any CPU
		{FF7D1CF1-6A40-487C-9E13-B75891DA1794}.Debug|Any CPU.Build.0 = Debug|Any CPU
		{FF7D1CF1-6A40-487C-9E13-B75891DA1794}.Release|Any CPU.ActiveCfg = Release|Any CPU
		{FF7D1CF1-6A40-487C-9E13-B75891DA1794}.Release|Any CPU.Build.0 = Release|Any CPU
		{EFEC8499-1566-4E91-B98B-E08445EDA398}.Debug|Any CPU.ActiveCfg = Debug|Any CPU
		{EFEC8499-1566-4E91-B98B-E08445EDA398}.Debug|Any CPU.Build.0 = Debug|Any CPU
		{EFEC8499-1566-4E91-B98B-E08445EDA398}.Release|Any CPU.ActiveCfg = Release|Any CPU
		{EFEC8499-1566-4E91-B98B-E08445EDA398}.Release|Any CPU.Build.0 = Release|Any CPU
		{5334B05C-F84B-457B-BED5-5C625D9FD19A}.Debug|Any CPU.ActiveCfg = Debug|Any CPU
		{5334B05C-F84B-457B-BED5-5C625D9FD19A}.Debug|Any CPU.Build.0 = Debug|Any CPU
		{5334B05C-F84B-457B-BED5-5C625D9FD19A}.Release|Any CPU.ActiveCfg = Release|Any CPU
		{5334B05C-F84B-457B-BED5-5C625D9FD19A}.Release|Any CPU.Build.0 = Release|Any CPU
		{9C07B9AB-A803-4E75-83CE-1C7F260264ED}.Debug|Any CPU.ActiveCfg = Debug|Any CPU
		{9C07B9AB-A803-4E75-83CE-1C7F260264ED}.Debug|Any CPU.Build.0 = Debug|Any CPU
		{9C07B9AB-A803-4E75-83CE-1C7F260264ED}.Release|Any CPU.ActiveCfg = Release|Any CPU
		{9C07B9AB-A803-4E75-83CE-1C7F260264ED}.Release|Any CPU.Build.0 = Release|Any CPU
		{0C981E1D-73D2-46C0-8D09-C4F7748F6942}.Debug|Any CPU.ActiveCfg = Debug|Any CPU
		{0C981E1D-73D2-46C0-8D09-C4F7748F6942}.Debug|Any CPU.Build.0 = Debug|Any CPU
		{0C981E1D-73D2-46C0-8D09-C4F7748F6942}.Release|Any CPU.ActiveCfg = Release|Any CPU
		{0C981E1D-73D2-46C0-8D09-C4F7748F6942}.Release|Any CPU.Build.0 = Release|Any CPU
		{931621B3-F53B-4D1F-B7F2-A3AC6BEBB480}.Debug|Any CPU.ActiveCfg = Debug|Any CPU
		{931621B3-F53B-4D1F-B7F2-A3AC6BEBB480}.Debug|Any CPU.Build.0 = Debug|Any CPU
		{931621B3-F53B-4D1F-B7F2-A3AC6BEBB480}.Release|Any CPU.ActiveCfg = Release|Any CPU
		{931621B3-F53B-4D1F-B7F2-A3AC6BEBB480}.Release|Any CPU.Build.0 = Release|Any CPU
		{C6D6DA28-498A-48C5-95D8-EB58EC2ED2F3}.Debug|Any CPU.ActiveCfg = Debug|Any CPU
		{C6D6DA28-498A-48C5-95D8-EB58EC2ED2F3}.Debug|Any CPU.Build.0 = Debug|Any CPU
		{C6D6DA28-498A-48C5-95D8-EB58EC2ED2F3}.Release|Any CPU.ActiveCfg = Release|Any CPU
		{C6D6DA28-498A-48C5-95D8-EB58EC2ED2F3}.Release|Any CPU.Build.0 = Release|Any CPU
		{A75CC4F6-FA5A-40AC-A08C-4527573250AF}.Debug|Any CPU.ActiveCfg = Debug|Any CPU
		{A75CC4F6-FA5A-40AC-A08C-4527573250AF}.Debug|Any CPU.Build.0 = Debug|Any CPU
		{A75CC4F6-FA5A-40AC-A08C-4527573250AF}.Release|Any CPU.ActiveCfg = Release|Any CPU
		{A75CC4F6-FA5A-40AC-A08C-4527573250AF}.Release|Any CPU.Build.0 = Release|Any CPU
		{75FA9C37-7929-466A-A5B9-D607AFA71B4D}.Debug|Any CPU.ActiveCfg = Debug|Any CPU
		{75FA9C37-7929-466A-A5B9-D607AFA71B4D}.Debug|Any CPU.Build.0 = Debug|Any CPU
		{75FA9C37-7929-466A-A5B9-D607AFA71B4D}.Release|Any CPU.ActiveCfg = Release|Any CPU
		{75FA9C37-7929-466A-A5B9-D607AFA71B4D}.Release|Any CPU.Build.0 = Release|Any CPU
		{9CF0E7B9-D616-4E1B-9C80-7ECD65D5A87A}.Debug|Any CPU.ActiveCfg = Debug|Any CPU
		{9CF0E7B9-D616-4E1B-9C80-7ECD65D5A87A}.Debug|Any CPU.Build.0 = Debug|Any CPU
		{9CF0E7B9-D616-4E1B-9C80-7ECD65D5A87A}.Release|Any CPU.ActiveCfg = Release|Any CPU
		{9CF0E7B9-D616-4E1B-9C80-7ECD65D5A87A}.Release|Any CPU.Build.0 = Release|Any CPU
		{6CACAA4C-233C-4DF3-B776-5C6186BA36FB}.Debug|Any CPU.ActiveCfg = Debug|Any CPU
		{6CACAA4C-233C-4DF3-B776-5C6186BA36FB}.Debug|Any CPU.Build.0 = Debug|Any CPU
		{6CACAA4C-233C-4DF3-B776-5C6186BA36FB}.Release|Any CPU.ActiveCfg = Release|Any CPU
		{6CACAA4C-233C-4DF3-B776-5C6186BA36FB}.Release|Any CPU.Build.0 = Release|Any CPU
		{798542AF-82EF-4B49-A85F-6EBDD113B7FD}.Debug|Any CPU.ActiveCfg = Debug|Any CPU
		{798542AF-82EF-4B49-A85F-6EBDD113B7FD}.Debug|Any CPU.Build.0 = Debug|Any CPU
		{798542AF-82EF-4B49-A85F-6EBDD113B7FD}.Release|Any CPU.ActiveCfg = Release|Any CPU
		{798542AF-82EF-4B49-A85F-6EBDD113B7FD}.Release|Any CPU.Build.0 = Release|Any CPU
		{D12E07DC-BEBB-4546-9434-C84A750C89C0}.Debug|Any CPU.ActiveCfg = Debug|Any CPU
		{D12E07DC-BEBB-4546-9434-C84A750C89C0}.Debug|Any CPU.Build.0 = Debug|Any CPU
		{D12E07DC-BEBB-4546-9434-C84A750C89C0}.Release|Any CPU.ActiveCfg = Release|Any CPU
		{D12E07DC-BEBB-4546-9434-C84A750C89C0}.Release|Any CPU.Build.0 = Release|Any CPU
		{7261B7D3-AD93-42E2-B553-E8323EB7473F}.Debug|Any CPU.ActiveCfg = Debug|Any CPU
		{7261B7D3-AD93-42E2-B553-E8323EB7473F}.Debug|Any CPU.Build.0 = Debug|Any CPU
		{7261B7D3-AD93-42E2-B553-E8323EB7473F}.Release|Any CPU.ActiveCfg = Release|Any CPU
		{7261B7D3-AD93-42E2-B553-E8323EB7473F}.Release|Any CPU.Build.0 = Release|Any CPU
		{558E61D3-8834-449D-BB1A-A7AB8816E09B}.Debug|Any CPU.ActiveCfg = Debug|Any CPU
		{558E61D3-8834-449D-BB1A-A7AB8816E09B}.Debug|Any CPU.Build.0 = Debug|Any CPU
		{558E61D3-8834-449D-BB1A-A7AB8816E09B}.Release|Any CPU.ActiveCfg = Release|Any CPU
		{558E61D3-8834-449D-BB1A-A7AB8816E09B}.Release|Any CPU.Build.0 = Release|Any CPU
		{4CD5842E-7206-4492-BB43-BC8CD5F3519C}.Debug|Any CPU.ActiveCfg = Debug|Any CPU
		{4CD5842E-7206-4492-BB43-BC8CD5F3519C}.Debug|Any CPU.Build.0 = Debug|Any CPU
		{4CD5842E-7206-4492-BB43-BC8CD5F3519C}.Release|Any CPU.ActiveCfg = Release|Any CPU
		{4CD5842E-7206-4492-BB43-BC8CD5F3519C}.Release|Any CPU.Build.0 = Release|Any CPU
		{1C4AE0D1-5B7C-4AB9-B24C-D3028F165019}.Debug|Any CPU.ActiveCfg = Debug|Any CPU
		{1C4AE0D1-5B7C-4AB9-B24C-D3028F165019}.Debug|Any CPU.Build.0 = Debug|Any CPU
		{1C4AE0D1-5B7C-4AB9-B24C-D3028F165019}.Release|Any CPU.ActiveCfg = Release|Any CPU
		{1C4AE0D1-5B7C-4AB9-B24C-D3028F165019}.Release|Any CPU.Build.0 = Release|Any CPU
	EndGlobalSection
	GlobalSection(SolutionProperties) = preSolution
		HideSolutionNode = FALSE
	EndGlobalSection
	GlobalSection(NestedProjects) = preSolution
		{1AC91F55-50EA-4E1F-BF79-432C547AB8E8} = {72E57001-666D-492D-9EC7-450E162B91FF}
		{0DF4579D-63D1-4A18-8DC4-4ED3E2FF3FDD} = {72E57001-666D-492D-9EC7-450E162B91FF}
		{FF7D1CF1-6A40-487C-9E13-B75891DA1794} = {72E57001-666D-492D-9EC7-450E162B91FF}
		{EFEC8499-1566-4E91-B98B-E08445EDA398} = {72E57001-666D-492D-9EC7-450E162B91FF}
		{5334B05C-F84B-457B-BED5-5C625D9FD19A} = {72E57001-666D-492D-9EC7-450E162B91FF}
		{9C07B9AB-A803-4E75-83CE-1C7F260264ED} = {13D25254-B50D-49E9-83B8-F1742D6F6320}
		{0C981E1D-73D2-46C0-8D09-C4F7748F6942} = {13D25254-B50D-49E9-83B8-F1742D6F6320}
		{931621B3-F53B-4D1F-B7F2-A3AC6BEBB480} = {13D25254-B50D-49E9-83B8-F1742D6F6320}
		{C6D6DA28-498A-48C5-95D8-EB58EC2ED2F3} = {13D25254-B50D-49E9-83B8-F1742D6F6320}
		{A75CC4F6-FA5A-40AC-A08C-4527573250AF} = {13D25254-B50D-49E9-83B8-F1742D6F6320}
		{75FA9C37-7929-466A-A5B9-D607AFA71B4D} = {53FBD326-5C1A-46A3-8B1A-BEAFD7CE2573}
		{9CF0E7B9-D616-4E1B-9C80-7ECD65D5A87A} = {53FBD326-5C1A-46A3-8B1A-BEAFD7CE2573}
		{6CACAA4C-233C-4DF3-B776-5C6186BA36FB} = {53FBD326-5C1A-46A3-8B1A-BEAFD7CE2573}
		{798542AF-82EF-4B49-A85F-6EBDD113B7FD} = {53FBD326-5C1A-46A3-8B1A-BEAFD7CE2573}
		{D12E07DC-BEBB-4546-9434-C84A750C89C0} = {93F9E735-07A0-4279-9FBC-16AA35BB6A71}
		{7261B7D3-AD93-42E2-B553-E8323EB7473F} = {93F9E735-07A0-4279-9FBC-16AA35BB6A71}
		{558E61D3-8834-449D-BB1A-A7AB8816E09B} = {93F9E735-07A0-4279-9FBC-16AA35BB6A71}
		{4CD5842E-7206-4492-BB43-BC8CD5F3519C} = {93F9E735-07A0-4279-9FBC-16AA35BB6A71}
		{1C4AE0D1-5B7C-4AB9-B24C-D3028F165019} = {4FC84690-F756-4722-9BF7-851DF5FFAC94}
	EndGlobalSection
	GlobalSection(ExtensibilityGlobals) = postSolution
		SolutionGuid = {CAF4BF73-47B2-46AB-B878-85122A234144}
	EndGlobalSection
EndGlobal
